
Microsoft Visual Studio Solution File, Format Version 12.00
Project("{FAE04EC0-301F-11D3-BF4B-00C04F79EFBC}") = "Homework2", "Homework2\Homework2.csproj", "{E78BC5E2-DBB7-4B19-AA38-C81B9CFA5264}"
EndProject
Global
	GlobalSection(SolutionConfigurationPlatforms) = preSolution
		Debug|Any CPU = Debug|Any CPU
		Release|Any CPU = Release|Any CPU
	EndGlobalSection
	GlobalSection(ProjectConfigurationPlatforms) = postSolution
		{E78BC5E2-DBB7-4B19-AA38-C81B9CFA5264}.Debug|Any CPU.ActiveCfg = Debug|Any CPU
		{E78BC5E2-DBB7-4B19-AA38-C81B9CFA5264}.Debug|Any CPU.Build.0 = Debug|Any CPU
		{E78BC5E2-DBB7-4B19-AA38-C81B9CFA5264}.Release|Any CPU.ActiveCfg = Release|Any CPU
		{E78BC5E2-DBB7-4B19-AA38-C81B9CFA5264}.Release|Any CPU.Build.0 = Release|Any CPU
	EndGlobalSection
EndGlobal
